
Microsoft Visual Studio Solution File, Format Version 12.00
# Visual Studio Version 17
VisualStudioVersion = 17.2.32602.215
MinimumVisualStudioVersion = 10.0.40219.1
Project("{FAE04EC0-301F-11D3-BF4B-00C04F79EFBC}") = "PracticalWork_4.1", "PracticalWork_4.1\PracticalWork_4.1.csproj", "{C2D17DFC-FEB1-4FBF-AE48-9176E58C193A}"
EndProject
Global
	GlobalSection(SolutionConfigurationPlatforms) = preSolution
		Debug|Any CPU = Debug|Any CPU
		Release|Any CPU = Release|Any CPU
	EndGlobalSection
	GlobalSection(ProjectConfigurationPlatforms) = postSolution
		{C2D17DFC-FEB1-4FBF-AE48-9176E58C193A}.Debug|Any CPU.ActiveCfg = Debug|Any CPU
		{C2D17DFC-FEB1-4FBF-AE48-9176E58C193A}.Debug|Any CPU.Build.0 = Debug|Any CPU
		{C2D17DFC-FEB1-4FBF-AE48-9176E58C193A}.Release|Any CPU.ActiveCfg = Release|Any CPU
		{C2D17DFC-FEB1-4FBF-AE48-9176E58C193A}.Release|Any CPU.Build.0 = Release|Any CPU
	EndGlobalSection
	GlobalSection(SolutionProperties) = preSolution
		HideSolutionNode = FALSE
	EndGlobalSection
	GlobalSection(ExtensibilityGlobals) = postSolution
		SolutionGuid = {1D8C82D8-B18B-4D1E-948D-60B152674920}
	EndGlobalSection
EndGlobal
